
Microsoft Visual Studio Solution File, Format Version 12.00
# Visual Studio Version 17
VisualStudioVersion = 17.6.33829.357
MinimumVisualStudioVersion = 10.0.40219.1
Project("{FAE04EC0-301F-11D3-BF4B-00C04F79EFBC}") = "BlazorBasics.InputFileExtended", "BlazorBasics.InputFileExtended\BlazorBasics.InputFileExtended.csproj", "{A3CB073A-A266-4B95-81B0-E0C261450FB6}"
EndProject
Global
	GlobalSection(SolutionConfigurationPlatforms) = preSolution
		Debug|Any CPU = Debug|Any CPU
		Release|Any CPU = Release|Any CPU
	EndGlobalSection
	GlobalSection(ProjectConfigurationPlatforms) = postSolution
		{A3CB073A-A266-4B95-81B0-E0C261450FB6}.Debug|Any CPU.ActiveCfg = Debug|Any CPU
		{A3CB073A-A266-4B95-81B0-E0C261450FB6}.Debug|Any CPU.Build.0 = Debug|Any CPU
		{A3CB073A-A266-4B95-81B0-E0C261450FB6}.Release|Any CPU.ActiveCfg = Release|Any CPU
		{A3CB073A-A266-4B95-81B0-E0C261450FB6}.Release|Any CPU.Build.0 = Release|Any CPU
	EndGlobalSection
	GlobalSection(SolutionProperties) = preSolution
		HideSolutionNode = FALSE
	EndGlobalSection
	GlobalSection(ExtensibilityGlobals) = postSolution
		SolutionGuid = {E33BE30A-B9E8-4EC5-8F6D-33BC25B1003A}
	EndGlobalSection
EndGlobal
